// !$*UTF8*$!
{
	archiveVersion = 1;
	classes = {
	};
	objectVersion = 77;
	objects = {

/* Begin PBXContainerItemProxy section */
		A113CA0D2DEFE95E0000B6A6 /* PBXContainerItemProxy */ = {
			isa = PBXContainerItemProxy;
			containerPortal = A113C9F72DEFE95C0000B6A6 /* Project object */;
			proxyType = 1;
			remoteGlobalIDString = A113C9FE2DEFE95C0000B6A6;
			remoteInfo = resumeInterface;
		};
		A113CA172DEFE95E0000B6A6 /* PBXContainerItemProxy */ = {
			isa = PBXContainerItemProxy;
			containerPortal = A113C9F72DEFE95C0000B6A6 /* Project object */;
			proxyType = 1;
			remoteGlobalIDString = A113C9FE2DEFE95C0000B6A6;
			remoteInfo = resumeInterface;
		};
/* End PBXContainerItemProxy section */

/* Begin PBXFileReference section */
		A113C9FF2DEFE95C0000B6A6 /* resumeInterface.app */ = {isa = PBXFileReference; explicitFileType = wrapper.application; includeInIndex = 0; path = resumeInterface.app; sourceTree = BUILT_PRODUCTS_DIR; };
		A113CA0C2DEFE95E0000B6A6 /* resumeInterfaceTests.xctest */ = {isa = PBXFileReference; explicitFileType = wrapper.cfbundle; includeInIndex = 0; path = resumeInterfaceTests.xctest; sourceTree = BUILT_PRODUCTS_DIR; };
		A113CA162DEFE95E0000B6A6 /* resumeInterfaceUITests.xctest */ = {isa = PBXFileReference; explicitFileType = wrapper.cfbundle; includeInIndex = 0; path = resumeInterfaceUITests.xctest; sourceTree = BUILT_PRODUCTS_DIR; };
/* End PBXFileReference section */

/* Begin PBXFileSystemSynchronizedRootGroup section */
		A113CA012DEFE95C0000B6A6 /* resumeInterface */ = {
			isa = PBXFileSystemSynchronizedRootGroup;
			path = resumeInterface;
			sourceTree = "<group>";
		};
		A113CA0F2DEFE95E0000B6A6 /* resumeInterfaceTests */ = {
			isa = PBXFileSystemSynchronizedRootGroup;
			path = resumeInterfaceTests;
			sourceTree = "<group>";
		};
		A113CA192DEFE95E0000B6A6 /* resumeInterfaceUITests */ = {
			isa = PBXFileSystemSynchronizedRootGroup;
			path = resumeInterfaceUITests;
			sourceTree = "<group>";
		};
/* End PBXFileSystemSynchronizedRootGroup section */

/* Begin PBXFrameworksBuildPhase section */
		A113C9FC2DEFE95C0000B6A6 /* Frameworks */ = {
			isa = PBXFrameworksBuildPhase;
			buildActionMask = 2147483647;
			files = (
			);
			runOnlyForDeploymentPostprocessing = 0;
		};
		A113CA092DEFE95E0000B6A6 /* Frameworks */ = {
			isa = PBXFrameworksBuildPhase;
			buildActionMask = 2147483647;
			files = (
			);
			runOnlyForDeploymentPostprocessing = 0;
		};
		A113CA132DEFE95E0000B6A6 /* Frameworks */ = {
			isa = PBXFrameworksBuildPhase;
			buildActionMask = 2147483647;
			files = (
			);
			runOnlyForDeploymentPostprocessing = 0;
		};
/* End PBXFrameworksBuildPhase section */

/* Begin PBXGroup section */
		A113C9F62DEFE95C0000B6A6 = {
			isa = PBXGroup;
			children = (
				A113CA012DEFE95C0000B6A6 /* resumeInterface */,
				A113CA0F2DEFE95E0000B6A6 /* resumeInterfaceTests */,
				A113CA192DEFE95E0000B6A6 /* resumeInterfaceUITests */,
				A113CA002DEFE95C0000B6A6 /* Products */,
			);
			sourceTree = "<group>";
		};
		A113CA002DEFE95C0000B6A6 /* Products */ = {
			isa = PBXGroup;
			children = (
				A113C9FF2DEFE95C0000B6A6 /* resumeInterface.app */,
				A113CA0C2DEFE95E0000B6A6 /* resumeInterfaceTests.xctest */,
				A113CA162DEFE95E0000B6A6 /* resumeInterfaceUITests.xctest */,
			);
			name = Products;
			sourceTree = "<group>";
		};
/* End PBXGroup section */

/* Begin PBXNativeTarget section */
		A113C9FE2DEFE95C0000B6A6 /* resumeInterface */ = {
			isa = PBXNativeTarget;
			buildConfigurationList = A113CA202DEFE95E0000B6A6 /* Build configuration list for PBXNativeTarget "resumeInterface" */;
			buildPhases = (
				A113C9FB2DEFE95C0000B6A6 /* Sources */,
				A113C9FC2DEFE95C0000B6A6 /* Frameworks */,
				A113C9FD2DEFE95C0000B6A6 /* Resources */,
			);
			buildRules = (
			);
			dependencies = (
			);
			fileSystemSynchronizedGroups = (
				A113CA012DEFE95C0000B6A6 /* resumeInterface */,
			);
			name = resumeInterface;
			packageProductDependencies = (
			);
			productName = resumeInterface;
			productReference = A113C9FF2DEFE95C0000B6A6 /* resumeInterface.app */;
			productType = "com.apple.product-type.application";
		};
		A113CA0B2DEFE95E0000B6A6 /* resumeInterfaceTests */ = {
			isa = PBXNativeTarget;
			buildConfigurationList = A113CA232DEFE95E0000B6A6 /* Build configuration list for PBXNativeTarget "resumeInterfaceTests" */;
			buildPhases = (
				A113CA082DEFE95E0000B6A6 /* Sources */,
				A113CA092DEFE95E0000B6A6 /* Frameworks */,
				A113CA0A2DEFE95E0000B6A6 /* Resources */,
			);
			buildRules = (
			);
			dependencies = (
				A113CA0E2DEFE95E0000B6A6 /* PBXTargetDependency */,
			);
			fileSystemSynchronizedGroups = (
				A113CA0F2DEFE95E0000B6A6 /* resumeInterfaceTests */,
			);
			name = resumeInterfaceTests;
			packageProductDependencies = (
			);
			productName = resumeInterfaceTests;
			productReference = A113CA0C2DEFE95E0000B6A6 /* resumeInterfaceTests.xctest */;
			productType = "com.apple.product-type.bundle.unit-test";
		};
		A113CA152DEFE95E0000B6A6 /* resumeInterfaceUITests */ = {
			isa = PBXNativeTarget;
			buildConfigurationList = A113CA262DEFE95E0000B6A6 /* Build configuration list for PBXNativeTarget "resumeInterfaceUITests" */;
			buildPhases = (
				A113CA122DEFE95E0000B6A6 /* Sources */,
				A113CA132DEFE95E0000B6A6 /* Frameworks */,
				A113CA142DEFE95E0000B6A6 /* Resources */,
			);
			buildRules = (
			);
			dependencies = (
				A113CA182DEFE95E0000B6A6 /* PBXTargetDependency */,
			);
			fileSystemSynchronizedGroups = (
				A113CA192DEFE95E0000B6A6 /* resumeInterfaceUITests */,
			);
			name = resumeInterfaceUITests;
			packageProductDependencies = (
			);
			productName = resumeInterfaceUITests;
			productReference = A113CA162DEFE95E0000B6A6 /* resumeInterfaceUITests.xctest */;
			productType = "com.apple.product-type.bundle.ui-testing";
		};
/* End PBXNativeTarget section */

/* Begin PBXProject section */
		A113C9F72DEFE95C0000B6A6 /* Project object */ = {
			isa = PBXProject;
			attributes = {
				BuildIndependentTargetsInParallel = 1;
				LastSwiftUpdateCheck = 1640;
				LastUpgradeCheck = 1640;
				TargetAttributes = {
					A113C9FE2DEFE95C0000B6A6 = {
						CreatedOnToolsVersion = 16.4;
					};
					A113CA0B2DEFE95E0000B6A6 = {
						CreatedOnToolsVersion = 16.4;
						TestTargetID = A113C9FE2DEFE95C0000B6A6;
					};
					A113CA152DEFE95E0000B6A6 = {
						CreatedOnToolsVersion = 16.4;
						TestTargetID = A113C9FE2DEFE95C0000B6A6;
					};
				};
			};
			buildConfigurationList = A113C9FA2DEFE95C0000B6A6 /* Build configuration list for PBXProject "resumeInterface" */;
			developmentRegion = en;
			hasScannedForEncodings = 0;
			knownRegions = (
				en,
				Base,
			);
			mainGroup = A113C9F62DEFE95C0000B6A6;
			minimizedProjectReferenceProxies = 1;
			preferredProjectObjectVersion = 77;
			productRefGroup = A113CA002DEFE95C0000B6A6 /* Products */;
			projectDirPath = "";
			projectRoot = "";
			targets = (
				A113C9FE2DEFE95C0000B6A6 /* resumeInterface */,
				A113CA0B2DEFE95E0000B6A6 /* resumeInterfaceTests */,
				A113CA152DEFE95E0000B6A6 /* resumeInterfaceUITests */,
			);
		};
/* End PBXProject section */

/* Begin PBXResourcesBuildPhase section */
		A113C9FD2DEFE95C0000B6A6 /* Resources */ = {
			isa = PBXResourcesBuildPhase;
			buildActionMask = 2147483647;
			files = (
			);
			runOnlyForDeploymentPostprocessing = 0;
		};
		A113CA0A2DEFE95E0000B6A6 /* Resources */ = {
			isa = PBXResourcesBuildPhase;
			buildActionMask = 2147483647;
			files = (
			);
			runOnlyForDeploymentPostprocessing = 0;
		};
		A113CA142DEFE95E0000B6A6 /* Resources */ = {
			isa = PBXResourcesBuildPhase;
			buildActionMask = 2147483647;
			files = (
			);
			runOnlyForDeploymentPostprocessing = 0;
		};
/* End PBXResourcesBuildPhase section */

/* Begin PBXSourcesBuildPhase section */
		A113C9FB2DEFE95C0000B6A6 /* Sources */ = {
			isa = PBXSourcesBuildPhase;
			buildActionMask = 2147483647;
			files = (
			);
			runOnlyForDeploymentPostprocessing = 0;
		};
		A113CA082DEFE95E0000B6A6 /* Sources */ = {
			isa = PBXSourcesBuildPhase;
			buildActionMask = 2147483647;
			files = (
			);
			runOnlyForDeploymentPostprocessing = 0;
		};
		A113CA122DEFE95E0000B6A6 /* Sources */ = {
			isa = PBXSourcesBuildPhase;
			buildActionMask = 2147483647;
			files = (
			);
			runOnlyForDeploymentPostprocessing = 0;
		};
/* End PBXSourcesBuildPhase section */

/* Begin PBXTargetDependency section */
		A113CA0E2DEFE95E0000B6A6 /* PBXTargetDependency */ = {
			isa = PBXTargetDependency;
			target = A113C9FE2DEFE95C0000B6A6 /* resumeInterface */;
			targetProxy = A113CA0D2DEFE95E0000B6A6 /* PBXContainerItemProxy */;
		};
		A113CA182DEFE95E0000B6A6 /* PBXTargetDependency */ = {
			isa = PBXTargetDependency;
			target = A113C9FE2DEFE95C0000B6A6 /* resumeInterface */;
			targetProxy = A113CA172DEFE95E0000B6A6 /* PBXContainerItemProxy */;
		};
/* End PBXTargetDependency section */

/* Begin XCBuildConfiguration section */
		A113CA1E2DEFE95E0000B6A6 /* Debug */ = {
			isa = XCBuildConfiguration;
			buildSettings = {
				ALWAYS_SEARCH_USER_PATHS = NO;
				ASSETCATALOG_COMPILER_GENERATE_SWIFT_ASSET_SYMBOL_EXTENSIONS = YES;
				CLANG_ANALYZER_NONNULL = YES;
				CLANG_ANALYZER_NUMBER_OBJECT_CONVERSION = YES_AGGRESSIVE;
				CLANG_CXX_LANGUAGE_STANDARD = "gnu++20";
				CLANG_ENABLE_MODULES = YES;
				CLANG_ENABLE_OBJC_ARC = YES;
				CLANG_ENABLE_OBJC_WEAK = YES;
				CLANG_WARN_BLOCK_CAPTURE_AUTORELEASING = YES;
				CLANG_WARN_BOOL_CONVERSION = YES;
				CLANG_WARN_COMMA = YES;
				CLANG_WARN_CONSTANT_CONVERSION = YES;
				CLANG_WARN_DEPRECATED_OBJC_IMPLEMENTATIONS = YES;
				CLANG_WARN_DIRECT_OBJC_ISA_USAGE = YES_ERROR;
				CLANG_WARN_DOCUMENTATION_COMMENTS = YES;
				CLANG_WARN_EMPTY_BODY = YES;
				CLANG_WARN_ENUM_CONVERSION = YES;
				CLANG_WARN_INFINITE_RECURSION = YES;
				CLANG_WARN_INT_CONVERSION = YES;
				CLANG_WARN_NON_LITERAL_NULL_CONVERSION = YES;
				CLANG_WARN_OBJC_IMPLICIT_RETAIN_SELF = YES;
				CLANG_WARN_OBJC_LITERAL_CONVERSION = YES;
				CLANG_WARN_OBJC_ROOT_CLASS = YES_ERROR;
				CLANG_WARN_QUOTED_INCLUDE_IN_FRAMEWORK_HEADER = YES;
				CLANG_WARN_RANGE_LOOP_ANALYSIS = YES;
				CLANG_WARN_STRICT_PROTOTYPES = YES;
				CLANG_WARN_SUSPICIOUS_MOVE = YES;
				CLANG_WARN_UNGUARDED_AVAILABILITY = YES_AGGRESSIVE;
				CLANG_WARN_UNREACHABLE_CODE = YES;
				CLANG_WARN__DUPLICATE_METHOD_MATCH = YES;
				COPY_PHASE_STRIP = NO;
				DEBUG_INFORMATION_FORMAT = dwarf;
				ENABLE_STRICT_OBJC_MSGSEND = YES;
				ENABLE_TESTABILITY = YES;
				ENABLE_USER_SCRIPT_SANDBOXING = YES;
				GCC_C_LANGUAGE_STANDARD = gnu17;
				GCC_DYNAMIC_NO_PIC = NO;
				GCC_NO_COMMON_BLOCKS = YES;
				GCC_OPTIMIZATION_LEVEL = 0;
				GCC_PREPROCESSOR_DEFINITIONS = (
					"DEBUG=1",
					"$(inherited)",
				);
				GCC_WARN_64_TO_32_BIT_CONVERSION = YES;
				GCC_WARN_ABOUT_RETURN_TYPE = YES_ERROR;
				GCC_WARN_UNDECLARED_SELECTOR = YES;
				GCC_WARN_UNINITIALIZED_AUTOS = YES_AGGRESSIVE;
				GCC_WARN_UNUSED_FUNCTION = YES;
				GCC_WARN_UNUSED_VARIABLE = YES;
				IPHONEOS_DEPLOYMENT_TARGET = 18.5;
				LOCALIZATION_PREFERS_STRING_CATALOGS = YES;
				MTL_ENABLE_DEBUG_INFO = INCLUDE_SOURCE;
				MTL_FAST_MATH = YES;
				ONLY_ACTIVE_ARCH = YES;
				SDKROOT = iphoneos;
				SWIFT_ACTIVE_COMPILATION_CONDITIONS = "DEBUG $(inherited)";
				SWIFT_OPTIMIZATION_LEVEL = "-Onone";
			};
			name = Debug;
		};
		A113CA1F2DEFE95E0000B6A6 /* Release */ = {
			isa = XCBuildConfiguration;
			buildSettings = {
				ALWAYS_SEARCH_USER_PATHS = NO;
				ASSETCATALOG_COMPILER_GENERATE_SWIFT_ASSET_SYMBOL_EXTENSIONS = YES;
				CLANG_ANALYZER_NONNULL = YES;
				CLANG_ANALYZER_NUMBER_OBJECT_CONVERSION = YES_AGGRESSIVE;
				CLANG_CXX_LANGUAGE_STANDARD = "gnu++20";
				CLANG_ENABLE_MODULES = YES;
				CLANG_ENABLE_OBJC_ARC = YES;
				CLANG_ENABLE_OBJC_WEAK = YES;
				CLANG_WARN_BLOCK_CAPTURE_AUTORELEASING = YES;
				CLANG_WARN_BOOL_CONVERSION = YES;
				CLANG_WARN_COMMA = YES;
				CLANG_WARN_CONSTANT_CONVERSION = YES;
				CLANG_WARN_DEPRECATED_OBJC_IMPLEMENTATIONS = YES;
				CLANG_WARN_DIRECT_OBJC_ISA_USAGE = YES_ERROR;
				CLANG_WARN_DOCUMENTATION_COMMENTS = YES;
				CLANG_WARN_EMPTY_BODY = YES;
				CLANG_WARN_ENUM_CONVERSION = YES;
				CLANG_WARN_INFINITE_RECURSION = YES;
				CLANG_WARN_INT_CONVERSION = YES;
				CLANG_WARN_NON_LITERAL_NULL_CONVERSION = YES;
				CLANG_WARN_OBJC_IMPLICIT_RETAIN_SELF = YES;
				CLANG_WARN_OBJC_LITERAL_CONVERSION = YES;
				CLANG_WARN_OBJC_ROOT_CLASS = YES_ERROR;
				CLANG_WARN_QUOTED_INCLUDE_IN_FRAMEWORK_HEADER = YES;
				CLANG_WARN_RANGE_LOOP_ANALYSIS = YES;
				CLANG_WARN_STRICT_PROTOTYPES = YES;
				CLANG_WARN_SUSPICIOUS_MOVE = YES;
				CLANG_WARN_UNGUARDED_AVAILABILITY = YES_AGGRESSIVE;
				CLANG_WARN_UNREACHABLE_CODE = YES;
				CLANG_WARN__DUPLICATE_METHOD_MATCH = YES;
				COPY_PHASE_STRIP = NO;
				DEBUG_INFORMATION_FORMAT = "dwarf-with-dsym";
				ENABLE_NS_ASSERTIONS = NO;
				ENABLE_STRICT_OBJC_MSGSEND = YES;
				ENABLE_USER_SCRIPT_SANDBOXING = YES;
				GCC_C_LANGUAGE_STANDARD = gnu17;
				GCC_NO_COMMON_BLOCKS = YES;
				GCC_WARN_64_TO_32_BIT_CONVERSION = YES;
				GCC_WARN_ABOUT_RETURN_TYPE = YES_ERROR;
				GCC_WARN_UNDECLARED_SELECTOR = YES;
				GCC_WARN_UNINITIALIZED_AUTOS = YES_AGGRESSIVE;
				GCC_WARN_UNUSED_FUNCTION = YES;
				GCC_WARN_UNUSED_VARIABLE = YES;
				IPHONEOS_DEPLOYMENT_TARGET = 18.5;
				LOCALIZATION_PREFERS_STRING_CATALOGS = YES;
				MTL_ENABLE_DEBUG_INFO = NO;
				MTL_FAST_MATH = YES;
				SDKROOT = iphoneos;
				SWIFT_COMPILATION_MODE = wholemodule;
				VALIDATE_PRODUCT = YES;
			};
			name = Release;
		};
		A113CA212DEFE95E0000B6A6 /* Debug */ = {
			isa = XCBuildConfiguration;
			buildSettings = {
				ASSETCATALOG_COMPILER_APPICON_NAME = AppIcon;
				ASSETCATALOG_COMPILER_GLOBAL_ACCENT_COLOR_NAME = AccentColor;
				CODE_SIGN_STYLE = Automatic;
				CURRENT_PROJECT_VERSION = 1;
				ENABLE_PREVIEWS = YES;
				GENERATE_INFOPLIST_FILE = YES;
				INFOPLIST_KEY_UIApplicationSceneManifest_Generation = YES;
				INFOPLIST_KEY_UIApplicationSupportsIndirectInputEvents = YES;
				INFOPLIST_KEY_UILaunchScreen_Generation = YES;
				INFOPLIST_KEY_UISupportedInterfaceOrientations_iPad = "UIInterfaceOrientationPortrait UIInterfaceOrientationPortraitUpsideDown UIInterfaceOrientationLandscapeLeft UIInterfaceOrientationLandscapeRight";
				INFOPLIST_KEY_UISupportedInterfaceOrientations_iPhone = "UIInterfaceOrientationPortrait UIInterfaceOrientationLandscapeLeft UIInterfaceOrientationLandscapeRight";
				LD_RUNPATH_SEARCH_PATHS = (
					"$(inherited)",
					"@executable_path/Frameworks",
				);
				MARKETING_VERSION = 1.0;
				PRODUCT_BUNDLE_IDENTIFIER = "App-Team.resumeInterface";
				PRODUCT_NAME = "$(TARGET_NAME)";
				SWIFT_EMIT_LOC_STRINGS = YES;
				SWIFT_VERSION = 5.0;
				TARGETED_DEVICE_FAMILY = "1,2";
			};
			name = Debug;
		};
		A113CA222DEFE95E0000B6A6 /* Release */ = {
			isa = XCBuildConfiguration;
			buildSettings = {
				ASSETCATALOG_COMPILER_APPICON_NAME = AppIcon;
				ASSETCATALOG_COMPILER_GLOBAL_ACCENT_COLOR_NAME = AccentColor;
				CODE_SIGN_STYLE = Automatic;
				CURRENT_PROJECT_VERSION = 1;
				ENABLE_PREVIEWS = YES;
				GENERATE_INFOPLIST_FILE = YES;
				INFOPLIST_KEY_UIApplicationSceneManifest_Generation = YES;
				INFOPLIST_KEY_UIApplicationSupportsIndirectInputEvents = YES;
				INFOPLIST_KEY_UILaunchScreen_Generation = YES;
				INFOPLIST_KEY_UISupportedInterfaceOrientations_iPad = "UIInterfaceOrientationPortrait UIInterfaceOrientationPortraitUpsideDown UIInterfaceOrientationLandscapeLeft UIInterfaceOrientationLandscapeRight";
				INFOPLIST_KEY_UISupportedInterfaceOrientations_iPhone = "UIInterfaceOrientationPortrait UIInterfaceOrientationLandscapeLeft UIInterfaceOrientationLandscapeRight";
				LD_RUNPATH_SEARCH_PATHS = (
					"$(inherited)",
					"@executable_path/Frameworks",
				);
				MARKETING_VERSION = 1.0;
				PRODUCT_BUNDLE_IDENTIFIER = "App-Team.resumeInterface";
				PRODUCT_NAME = "$(TARGET_NAME)";
				SWIFT_EMIT_LOC_STRINGS = YES;
				SWIFT_VERSION = 5.0;
				TARGETED_DEVICE_FAMILY = "1,2";
			};
			name = Release;
		};
		A113CA242DEFE95E0000B6A6 /* Debug */ = {
			isa = XCBuildConfiguration;
			buildSettings = {
				BUNDLE_LOADER = "$(TEST_HOST)";
				CODE_SIGN_STYLE = Automatic;
				CURRENT_PROJECT_VERSION = 1;
				GENERATE_INFOPLIST_FILE = YES;
				IPHONEOS_DEPLOYMENT_TARGET = 18.5;
				MARKETING_VERSION = 1.0;
				PRODUCT_BUNDLE_IDENTIFIER = "App-Team.resumeInterfaceTests";
				PRODUCT_NAME = "$(TARGET_NAME)";
				SWIFT_EMIT_LOC_STRINGS = NO;
				SWIFT_VERSION = 5.0;
				TARGETED_DEVICE_FAMILY = "1,2";
				TEST_HOST = "$(BUILT_PRODUCTS_DIR)/resumeInterface.app/$(BUNDLE_EXECUTABLE_FOLDER_PATH)/resumeInterface";
			};
			name = Debug;
		};
		A113CA252DEFE95E0000B6A6 /* Release */ = {
			isa = XCBuildConfiguration;
			buildSettings = {
				BUNDLE_LOADER = "$(TEST_HOST)";
				CODE_SIGN_STYLE = Automatic;
				CURRENT_PROJECT_VERSION = 1;
				GENERATE_INFOPLIST_FILE = YES;
				IPHONEOS_DEPLOYMENT_TARGET = 18.5;
				MARKETING_VERSION = 1.0;
				PRODUCT_BUNDLE_IDENTIFIER = "App-Team.resumeInterfaceTests";
				PRODUCT_NAME = "$(TARGET_NAME)";
				SWIFT_EMIT_LOC_STRINGS = NO;
				SWIFT_VERSION = 5.0;
				TARGETED_DEVICE_FAMILY = "1,2";
				TEST_HOST = "$(BUILT_PRODUCTS_DIR)/resumeInterface.app/$(BUNDLE_EXECUTABLE_FOLDER_PATH)/resumeInterface";
			};
			name = Release;
		};
		A113CA272DEFE95E0000B6A6 /* Debug */ = {
			isa = XCBuildConfiguration;
			buildSettings = {
				CODE_SIGN_STYLE = Automatic;
				CURRENT_PROJECT_VERSION = 1;
				GENERATE_INFOPLIST_FILE = YES;
				MARKETING_VERSION = 1.0;
				PRODUCT_BUNDLE_IDENTIFIER = "App-Team.resumeInterfaceUITests";
				PRODUCT_NAME = "$(TARGET_NAME)";
				SWIFT_EMIT_LOC_STRINGS = NO;
				SWIFT_VERSION = 5.0;
				TARGETED_DEVICE_FAMILY = "1,2";
				TEST_TARGET_NAME = resumeInterface;
			};
			name = Debug;
		};
		A113CA282DEFE95E0000B6A6 /* Release */ = {
			isa = XCBuildConfiguration;
			buildSettings = {
				CODE_SIGN_STYLE = Automatic;
				CURRENT_PROJECT_VERSION = 1;
				GENERATE_INFOPLIST_FILE = YES;
				MARKETING_VERSION = 1.0;
				PRODUCT_BUNDLE_IDENTIFIER = "App-Team.resumeInterfaceUITests";
				PRODUCT_NAME = "$(TARGET_NAME)";
				SWIFT_EMIT_LOC_STRINGS = NO;
				SWIFT_VERSION = 5.0;
				TARGETED_DEVICE_FAMILY = "1,2";
				TEST_TARGET_NAME = resumeInterface;
			};
			name = Release;
		};
/* End XCBuildConfiguration section */

/* Begin XCConfigurationList section */
		A113C9FA2DEFE95C0000B6A6 /* Build configuration list for PBXProject "resumeInterface" */ = {
			isa = XCConfigurationList;
			buildConfigurations = (
				A113CA1E2DEFE95E0000B6A6 /* Debug */,
				A113CA1F2DEFE95E0000B6A6 /* Release */,
			);
			defaultConfigurationIsVisible = 0;
			defaultConfigurationName = Release;
		};
		A113CA202DEFE95E0000B6A6 /* Build configuration list for PBXNativeTarget "resumeInterface" */ = {
			isa = XCConfigurationList;
			buildConfigurations = (
				A113CA212DEFE95E0000B6A6 /* Debug */,
				A113CA222DEFE95E0000B6A6 /* Release */,
			);
			defaultConfigurationIsVisible = 0;
			defaultConfigurationName = Release;
		};
		A113CA232DEFE95E0000B6A6 /* Build configuration list for PBXNativeTarget "resumeInterfaceTests" */ = {
			isa = XCConfigurationList;
			buildConfigurations = (
				A113CA242DEFE95E0000B6A6 /* Debug */,
				A113CA252DEFE95E0000B6A6 /* Release */,
			);
			defaultConfigurationIsVisible = 0;
			defaultConfigurationName = Release;
		};
		A113CA262DEFE95E0000B6A6 /* Build configuration list for PBXNativeTarget "resumeInterfaceUITests" */ = {
			isa = XCConfigurationList;
			buildConfigurations = (
				A113CA272DEFE95E0000B6A6 /* Debug */,
				A113CA282DEFE95E0000B6A6 /* Release */,
			);
			defaultConfigurationIsVisible = 0;
			defaultConfigurationName = Release;
		};
/* End XCConfigurationList section */
	};
	rootObject = A113C9F72DEFE95C0000B6A6 /* Project object */;
}
